{
  "requires": true,
  "lockfileVersion": 1,
  "dependencies": {
    "@i5920/uni-socket": {
      "version": "2.0.1",
      "resolved": "https://registry.npmjs.org/@i5920/uni-socket/-/uni-socket-2.0.1.tgz",
      "integrity": "sha512-Qo15Yw0ZtsU1Tn/DKlFH8qgfvPAaeGSw/iW/UaCTZDjW+HBvXlbP52kJ70F7SdrjOMvqDQh4ZiX96+Ig8HXwWA=="
    }
  }
}
